// !$*UTF8*$!
{
	archiveVersion = 1;
	classes = {
	};
	objectVersion = 50;
	objects = {

/* Begin PBXBuildFile section */
		C061A9C7223312A6001C8677 /* Tile.swift in Sources */ = {isa = PBXBuildFile; fileRef = C061A9C6223312A6001C8677 /* Tile.swift */; };
		C061A9C92233143F001C8677 /* Texture.swift in Sources */ = {isa = PBXBuildFile; fileRef = C061A9C82233143F001C8677 /* Texture.swift */; };
		C061A9CB223315D4001C8677 /* Utils.swift in Sources */ = {isa = PBXBuildFile; fileRef = C061A9CA223315D4001C8677 /* Utils.swift */; };
		C061A9CD22331669001C8677 /* Character.swift in Sources */ = {isa = PBXBuildFile; fileRef = C061A9CC22331669001C8677 /* Character.swift */; };
		C0A0BBA1222AED980061987E /* AppDelegate.swift in Sources */ = {isa = PBXBuildFile; fileRef = C0A0BBA0222AED980061987E /* AppDelegate.swift */; };
		C0A0BBA5222AED980061987E /* Actions.sks in Resources */ = {isa = PBXBuildFile; fileRef = C0A0BBA4222AED980061987E /* Actions.sks */; };
		C0A0BBA7222AED980061987E /* GameScene.swift in Sources */ = {isa = PBXBuildFile; fileRef = C0A0BBA6222AED980061987E /* GameScene.swift */; };
		C0A0BBA9222AED980061987E /* GameViewController.swift in Sources */ = {isa = PBXBuildFile; fileRef = C0A0BBA8222AED980061987E /* GameViewController.swift */; };
		C0A0BBAC222AED980061987E /* Main.storyboard in Resources */ = {isa = PBXBuildFile; fileRef = C0A0BBAA222AED980061987E /* Main.storyboard */; };
		C0A0BBAE222AED990061987E /* Assets.xcassets in Resources */ = {isa = PBXBuildFile; fileRef = C0A0BBAD222AED990061987E /* Assets.xcassets */; };
		C0A0BBB1222AED990061987E /* LaunchScreen.storyboard in Resources */ = {isa = PBXBuildFile; fileRef = C0A0BBAF222AED990061987E /* LaunchScreen.storyboard */; };
/* End PBXBuildFile section */

/* Begin PBXFileReference section */
		C061A9C6223312A6001C8677 /* Tile.swift */ = {isa = PBXFileReference; lastKnownFileType = sourcecode.swift; path = Tile.swift; sourceTree = "<group>"; };
		C061A9C82233143F001C8677 /* Texture.swift */ = {isa = PBXFileReference; lastKnownFileType = sourcecode.swift; path = Texture.swift; sourceTree = "<group>"; };
		C061A9CA223315D4001C8677 /* Utils.swift */ = {isa = PBXFileReference; lastKnownFileType = sourcecode.swift; path = Utils.swift; sourceTree = "<group>"; };
		C061A9CC22331669001C8677 /* Character.swift */ = {isa = PBXFileReference; lastKnownFileType = sourcecode.swift; path = Character.swift; sourceTree = "<group>"; };
		C0A0BB9D222AED980061987E /* IsoGame.app */ = {isa = PBXFileReference; explicitFileType = wrapper.application; includeInIndex = 0; path = IsoGame.app; sourceTree = BUILT_PRODUCTS_DIR; };
		C0A0BBA0222AED980061987E /* AppDelegate.swift */ = {isa = PBXFileReference; lastKnownFileType = sourcecode.swift; path = AppDelegate.swift; sourceTree = "<group>"; };
		C0A0BBA4222AED980061987E /* Actions.sks */ = {isa = PBXFileReference; lastKnownFileType = file.sks; path = Actions.sks; sourceTree = "<group>"; };
		C0A0BBA6222AED980061987E /* GameScene.swift */ = {isa = PBXFileReference; lastKnownFileType = sourcecode.swift; path = GameScene.swift; sourceTree = "<group>"; };
		C0A0BBA8222AED980061987E /* GameViewController.swift */ = {isa = PBXFileReference; lastKnownFileType = sourcecode.swift; path = GameViewController.swift; sourceTree = "<group>"; };
		C0A0BBAB222AED980061987E /* Base */ = {isa = PBXFileReference; lastKnownFileType = file.storyboard; name = Base; path = Base.lproj/Main.storyboard; sourceTree = "<group>"; };
		C0A0BBAD222AED990061987E /* Assets.xcassets */ = {isa = PBXFileReference; lastKnownFileType = folder.assetcatalog; path = Assets.xcassets; sourceTree = "<group>"; };
		C0A0BBB0222AED990061987E /* Base */ = {isa = PBXFileReference; lastKnownFileType = file.storyboard; name = Base; path = Base.lproj/LaunchScreen.storyboard; sourceTree = "<group>"; };
		C0A0BBB2222AED990061987E /* Info.plist */ = {isa = PBXFileReference; lastKnownFileType = text.plist.xml; path = Info.plist; sourceTree = "<group>"; };
/* End PBXFileReference section */

/* Begin PBXFrameworksBuildPhase section */
		C0A0BB9A222AED980061987E /* Frameworks */ = {
			isa = PBXFrameworksBuildPhase;
			buildActionMask = 2147483647;
			files = (
			);
			runOnlyForDeploymentPostprocessing = 0;
		};
/* End PBXFrameworksBuildPhase section */

/* Begin PBXGroup section */
		C0A0BB94222AED980061987E = {
			isa = PBXGroup;
			children = (
				C0A0BB9F222AED980061987E /* IsoGame */,
				C0A0BB9E222AED980061987E /* Products */,
			);
			sourceTree = "<group>";
		};
		C0A0BB9E222AED980061987E /* Products */ = {
			isa = PBXGroup;
			children = (
				C0A0BB9D222AED980061987E /* IsoGame.app */,
			);
			name = Products;
			sourceTree = "<group>";
		};
		C0A0BB9F222AED980061987E /* IsoGame */ = {
			isa = PBXGroup;
			children = (
				C0A0BBA0222AED980061987E /* AppDelegate.swift */,
				C0A0BBA4222AED980061987E /* Actions.sks */,
				C0A0BBA6222AED980061987E /* GameScene.swift */,
				C0A0BBA8222AED980061987E /* GameViewController.swift */,
				C0A0BBAA222AED980061987E /* Main.storyboard */,
				C0A0BBAD222AED990061987E /* Assets.xcassets */,
				C0A0BBAF222AED990061987E /* LaunchScreen.storyboard */,
				C0A0BBB2222AED990061987E /* Info.plist */,
				C061A9C6223312A6001C8677 /* Tile.swift */,
				C061A9C82233143F001C8677 /* Texture.swift */,
				C061A9CA223315D4001C8677 /* Utils.swift */,
				C061A9CC22331669001C8677 /* Character.swift */,
			);
			path = IsoGame;
			sourceTree = "<group>";
		};
/* End PBXGroup section */

/* Begin PBXNativeTarget section */
		C0A0BB9C222AED980061987E /* IsoGame */ = {
			isa = PBXNativeTarget;
			buildConfigurationList = C0A0BBB5222AED990061987E /* Build configuration list for PBXNativeTarget "IsoGame" */;
			buildPhases = (
				C0A0BB99222AED980061987E /* Sources */,
				C0A0BB9A222AED980061987E /* Frameworks */,
				C0A0BB9B222AED980061987E /* Resources */,
			);
			buildRules = (
			);
			dependencies = (
			);
			name = IsoGame;
			productName = IsoGame;
			productReference = C0A0BB9D222AED980061987E /* IsoGame.app */;
			productType = "com.apple.product-type.application";
		};
/* End PBXNativeTarget section */

/* Begin PBXProject section */
		C0A0BB95222AED980061987E /* Project object */ = {
			isa = PBXProject;
			attributes = {
				LastSwiftUpdateCheck = 1010;
				LastUpgradeCheck = 1010;
				ORGANIZATIONNAME = "Kim SAVAROCHE";
				TargetAttributes = {
					C0A0BB9C222AED980061987E = {
						CreatedOnToolsVersion = 10.1;
					};
				};
			};
			buildConfigurationList = C0A0BB98222AED980061987E /* Build configuration list for PBXProject "IsoGame" */;
			compatibilityVersion = "Xcode 9.3";
			developmentRegion = en;
			hasScannedForEncodings = 0;
			knownRegions = (
				en,
				Base,
			);
			mainGroup = C0A0BB94222AED980061987E;
			productRefGroup = C0A0BB9E222AED980061987E /* Products */;
			projectDirPath = "";
			projectRoot = "";
			targets = (
				C0A0BB9C222AED980061987E /* IsoGame */,
			);
		};
/* End PBXProject section */

/* Begin PBXResourcesBuildPhase section */
		C0A0BB9B222AED980061987E /* Resources */ = {
			isa = PBXResourcesBuildPhase;
			buildActionMask = 2147483647;
			files = (
				C0A0BBAC222AED980061987E /* Main.storyboard in Resources */,
				C0A0BBAE222AED990061987E /* Assets.xcassets in Resources */,
				C0A0BBB1222AED990061987E /* LaunchScreen.storyboard in Resources */,
				C0A0BBA5222AED980061987E /* Actions.sks in Resources */,
			);
			runOnlyForDeploymentPostprocessing = 0;
		};
/* End PBXResourcesBuildPhase section */

/* Begin PBXSourcesBuildPhase section */
		C0A0BB99222AED980061987E /* Sources */ = {
			isa = PBXSourcesBuildPhase;
			buildActionMask = 2147483647;
			files = (
				C0A0BBA7222AED980061987E /* GameScene.swift in Sources */,
				C061A9C92233143F001C8677 /* Texture.swift in Sources */,
				C061A9CD22331669001C8677 /* Character.swift in Sources */,
				C0A0BBA9222AED980061987E /* GameViewController.swift in Sources */,
				C0A0BBA1222AED980061987E /* AppDelegate.swift in Sources */,
				C061A9C7223312A6001C8677 /* Tile.swift in Sources */,
				C061A9CB223315D4001C8677 /* Utils.swift in Sources */,
			);
			runOnlyForDeploymentPostprocessing = 0;
		};
/* End PBXSourcesBuildPhase section */

/* Begin PBXVariantGroup section */
		C0A0BBAA222AED980061987E /* Main.storyboard */ = {
			isa = PBXVariantGroup;
			children = (
				C0A0BBAB222AED980061987E /* Base */,
			);
			name = Main.storyboard;
			sourceTree = "<group>";
		};
		C0A0BBAF222AED990061987E /* LaunchScreen.storyboard */ = {
			isa = PBXVariantGroup;
			children = (
				C0A0BBB0222AED990061987E /* Base */,
			);
			name = LaunchScreen.storyboard;
			sourceTree = "<group>";
		};
/* End PBXVariantGroup section */

/* Begin XCBuildConfiguration section */
		C0A0BBB3222AED990061987E /* Debug */ = {
			isa = XCBuildConfiguration;
			buildSettings = {
				ALWAYS_SEARCH_USER_PATHS = NO;
				CLANG_ANALYZER_NONNULL = YES;
				CLANG_ANALYZER_NUMBER_OBJECT_CONVERSION = YES_AGGRESSIVE;
				CLANG_CXX_LANGUAGE_STANDARD = "gnu++14";
				CLANG_CXX_LIBRARY = "libc++";
				CLANG_ENABLE_MODULES = YES;
				CLANG_ENABLE_OBJC_ARC = YES;
				CLANG_ENABLE_OBJC_WEAK = YES;
				CLANG_WARN_BLOCK_CAPTURE_AUTORELEASING = YES;
				CLANG_WARN_BOOL_CONVERSION = YES;
				CLANG_WARN_COMMA = YES;
				CLANG_WARN_CONSTANT_CONVERSION = YES;
				CLANG_WARN_DEPRECATED_OBJC_IMPLEMENTATIONS = YES;
				CLANG_WARN_DIRECT_OBJC_ISA_USAGE = YES_ERROR;
				CLANG_WARN_DOCUMENTATION_COMMENTS = YES;
				CLANG_WARN_EMPTY_BODY = YES;
				CLANG_WARN_ENUM_CONVERSION = YES;
				CLANG_WARN_INFINITE_RECURSION = YES;
				CLANG_WARN_INT_CONVERSION = YES;
				CLANG_WARN_NON_LITERAL_NULL_CONVERSION = YES;
				CLANG_WARN_OBJC_IMPLICIT_RETAIN_SELF = YES;
				CLANG_WARN_OBJC_LITERAL_CONVERSION = YES;
				CLANG_WARN_OBJC_ROOT_CLASS = YES_ERROR;
				CLANG_WARN_RANGE_LOOP_ANALYSIS = YES;
				CLANG_WARN_STRICT_PROTOTYPES = YES;
				CLANG_WARN_SUSPICIOUS_MOVE = YES;
				CLANG_WARN_UNGUARDED_AVAILABILITY = YES_AGGRESSIVE;
				CLANG_WARN_UNREACHABLE_CODE = YES;
				CLANG_WARN__DUPLICATE_METHOD_MATCH = YES;
				CODE_SIGN_IDENTITY = "iPhone Developer";
				COPY_PHASE_STRIP = NO;
				DEBUG_INFORMATION_FORMAT = dwarf;
				ENABLE_STRICT_OBJC_MSGSEND = YES;
				ENABLE_TESTABILITY = YES;
				GCC_C_LANGUAGE_STANDARD = gnu11;
				GCC_DYNAMIC_NO_PIC = NO;
				GCC_NO_COMMON_BLOCKS = YES;
				GCC_OPTIMIZATION_LEVEL = 0;
				GCC_PREPROCESSOR_DEFINITIONS = (
					"DEBUG=1",
					"$(inherited)",
				);
				GCC_WARN_64_TO_32_BIT_CONVERSION = YES;
				GCC_WARN_ABOUT_RETURN_TYPE = YES_ERROR;
				GCC_WARN_UNDECLARED_SELECTOR = YES;
				GCC_WARN_UNINITIALIZED_AUTOS = YES_AGGRESSIVE;
				GCC_WARN_UNUSED_FUNCTION = YES;
				GCC_WARN_UNUSED_VARIABLE = YES;
				IPHONEOS_DEPLOYMENT_TARGET = 12.1;
				MTL_ENABLE_DEBUG_INFO = INCLUDE_SOURCE;
				MTL_FAST_MATH = YES;
				ONLY_ACTIVE_ARCH = YES;
				SDKROOT = iphoneos;
				SWIFT_ACTIVE_COMPILATION_CONDITIONS = DEBUG;
				SWIFT_OPTIMIZATION_LEVEL = "-Onone";
			};
			name = Debug;
		};
		C0A0BBB4222AED990061987E /* Release */ = {
			isa = XCBuildConfiguration;
			buildSettings = {
				ALWAYS_SEARCH_USER_PATHS = NO;
				CLANG_ANALYZER_NONNULL = YES;
				CLANG_ANALYZER_NUMBER_OBJECT_CONVERSION = YES_AGGRESSIVE;
				CLANG_CXX_LANGUAGE_STANDARD = "gnu++14";
				CLANG_CXX_LIBRARY = "libc++";
				CLANG_ENABLE_MODULES = YES;
				CLANG_ENABLE_OBJC_ARC = YES;
				CLANG_ENABLE_OBJC_WEAK = YES;
				CLANG_WARN_BLOCK_CAPTURE_AUTORELEASING = YES;
				CLANG_WARN_BOOL_CONVERSION = YES;
				CLANG_WARN_COMMA = YES;
				CLANG_WARN_CONSTANT_CONVERSION = YES;
				CLANG_WARN_DEPRECATED_OBJC_IMPLEMENTATIONS = YES;
				CLANG_WARN_DIRECT_OBJC_ISA_USAGE = YES_ERROR;
				CLANG_WARN_DOCUMENTATION_COMMENTS = YES;
				CLANG_WARN_EMPTY_BODY = YES;
				CLANG_WARN_ENUM_CONVERSION = YES;
				CLANG_WARN_INFINITE_RECURSION = YES;
				CLANG_WARN_INT_CONVERSION = YES;
				CLANG_WARN_NON_LITERAL_NULL_CONVERSION = YES;
				CLANG_WARN_OBJC_IMPLICIT_RETAIN_SELF = YES;
				CLANG_WARN_OBJC_LITERAL_CONVERSION = YES;
				CLANG_WARN_OBJC_ROOT_CLASS = YES_ERROR;
				CLANG_WARN_RANGE_LOOP_ANALYSIS = YES;
				CLANG_WARN_STRICT_PROTOTYPES = YES;
				CLANG_WARN_SUSPICIOUS_MOVE = YES;
				CLANG_WARN_UNGUARDED_AVAILABILITY = YES_AGGRESSIVE;
				CLANG_WARN_UNREACHABLE_CODE = YES;
				CLANG_WARN__DUPLICATE_METHOD_MATCH = YES;
				CODE_SIGN_IDENTITY = "iPhone Developer";
				COPY_PHASE_STRIP = NO;
				DEBUG_INFORMATION_FORMAT = "dwarf-with-dsym";
				ENABLE_NS_ASSERTIONS = NO;
				ENABLE_STRICT_OBJC_MSGSEND = YES;
				GCC_C_LANGUAGE_STANDARD = gnu11;
				GCC_NO_COMMON_BLOCKS = YES;
				GCC_WARN_64_TO_32_BIT_CONVERSION = YES;
				GCC_WARN_ABOUT_RETURN_TYPE = YES_ERROR;
				GCC_WARN_UNDECLARED_SELECTOR = YES;
				GCC_WARN_UNINITIALIZED_AUTOS = YES_AGGRESSIVE;
				GCC_WARN_UNUSED_FUNCTION = YES;
				GCC_WARN_UNUSED_VARIABLE = YES;
				IPHONEOS_DEPLOYMENT_TARGET = 12.1;
				MTL_ENABLE_DEBUG_INFO = NO;
				MTL_FAST_MATH = YES;
				SDKROOT = iphoneos;
				SWIFT_COMPILATION_MODE = wholemodule;
				SWIFT_OPTIMIZATION_LEVEL = "-O";
				VALIDATE_PRODUCT = YES;
			};
			name = Release;
		};
		C0A0BBB6222AED990061987E /* Debug */ = {
			isa = XCBuildConfiguration;
			buildSettings = {
				ASSETCATALOG_COMPILER_APPICON_NAME = AppIcon;
				CODE_SIGN_STYLE = Automatic;
				DEVELOPMENT_TEAM = 73M82626GY;
				INFOPLIST_FILE = IsoGame/Info.plist;
				LD_RUNPATH_SEARCH_PATHS = (
					"$(inherited)",
					"@executable_path/Frameworks",
				);
				PRODUCT_BUNDLE_IDENTIFIER = fr.Savaroche.Kim.IsoGame;
				PRODUCT_NAME = "$(TARGET_NAME)";
				SWIFT_VERSION = 4.2;
				TARGETED_DEVICE_FAMILY = "1,2";
			};
			name = Debug;
		};
		C0A0BBB7222AED990061987E /* Release */ = {
			isa = XCBuildConfiguration;
			buildSettings = {
				ASSETCATALOG_COMPILER_APPICON_NAME = AppIcon;
				CODE_SIGN_STYLE = Automatic;
				DEVELOPMENT_TEAM = 73M82626GY;
				INFOPLIST_FILE = IsoGame/Info.plist;
				LD_RUNPATH_SEARCH_PATHS = (
					"$(inherited)",
					"@executable_path/Frameworks",
				);
				PRODUCT_BUNDLE_IDENTIFIER = fr.Savaroche.Kim.IsoGame;
				PRODUCT_NAME = "$(TARGET_NAME)";
				SWIFT_VERSION = 4.2;
				TARGETED_DEVICE_FAMILY = "1,2";
			};
			name = Release;
		};
/* End XCBuildConfiguration section */

/* Begin XCConfigurationList section */
		C0A0BB98222AED980061987E /* Build configuration list for PBXProject "IsoGame" */ = {
			isa = XCConfigurationList;
			buildConfigurations = (
				C0A0BBB3222AED990061987E /* Debug */,
				C0A0BBB4222AED990061987E /* Release */,
			);
			defaultConfigurationIsVisible = 0;
			defaultConfigurationName = Release;
		};
		C0A0BBB5222AED990061987E /* Build configuration list for PBXNativeTarget "IsoGame" */ = {
			isa = XCConfigurationList;
			buildConfigurations = (
				C0A0BBB6222AED990061987E /* Debug */,
				C0A0BBB7222AED990061987E /* Release */,
			);
			defaultConfigurationIsVisible = 0;
			defaultConfigurationName = Release;
		};
/* End XCConfigurationList section */
	};
	rootObject = C0A0BB95222AED980061987E /* Project object */;
}
